
Microsoft Visual Studio Solution File, Format Version 12.00
# Visual Studio Version 16
VisualStudioVersion = 16.0.30907.101
MinimumVisualStudioVersion = 10.0.40219.1
Project("{9A19103F-16F7-4668-BE54-9A1E7A4F7556}") = "CustomizePlus", "CustomizePlus.csproj", "{EDAAAF3C-D4AC-41F2-B91E-8DE8E86DF242}"
EndProject
Global
	GlobalSection(SolutionConfigurationPlatforms) = preSolution
		Debug|Any CPU = Debug|Any CPU
		Release|Any CPU = Release|Any CPU
	EndGlobalSection
	GlobalSection(ProjectConfigurationPlatforms) = postSolution
		{EDAAAF3C-D4AC-41F2-B91E-8DE8E86DF242}.Debug|Any CPU.ActiveCfg = Debug|Any CPU
		{EDAAAF3C-D4AC-41F2-B91E-8DE8E86DF242}.Debug|Any CPU.Build.0 = Debug|Any CPU
		{EDAAAF3C-D4AC-41F2-B91E-8DE8E86DF242}.Release|Any CPU.ActiveCfg = Release|Any CPU
		{EDAAAF3C-D4AC-41F2-B91E-8DE8E86DF242}.Release|Any CPU.Build.0 = Release|Any CPU
	EndGlobalSection
	GlobalSection(SolutionProperties) = preSolution
		HideSolutionNode = FALSE
	EndGlobalSection
	GlobalSection(ExtensibilityGlobals) = postSolution
		SolutionGuid = {D8086F74-8A1B-4DAD-A9DD-52C8058BAF3A}
	EndGlobalSection
EndGlobal
